{
  "name": "hw6-analytics-framework-tp-link",
  "lockfileVersion": 2,
  "requires": true,
  "packages": {
    "": {
      "dependencies": {
        "@types/plotly.js": "^2.12.9"
      }
    },
    "node_modules/@types/plotly.js": {
      "version": "2.12.9",
      "resolved": "https://registry.npmjs.org/@types/plotly.js/-/plotly.js-2.12.9.tgz",
      "integrity": "sha512-ML5pFv06KSozZqRO74Yt2XQg7A6Q2vtL3qGmO7nbKGpkk39vNdHYHD9w96Y4XK2TrhZKOxGirFjkou7IK5xdoA=="
    }
  },
  "dependencies": {
    "@types/plotly.js": {
      "version": "2.12.9",
      "resolved": "https://registry.npmjs.org/@types/plotly.js/-/plotly.js-2.12.9.tgz",
      "integrity": "sha512-ML5pFv06KSozZqRO74Yt2XQg7A6Q2vtL3qGmO7nbKGpkk39vNdHYHD9w96Y4XK2TrhZKOxGirFjkou7IK5xdoA=="
    }
  }
}
